
Microsoft Visual Studio Solution File, Format Version 12.00
# Visual Studio 15
VisualStudioVersion = 15.0.28307.421
MinimumVisualStudioVersion = 10.0.40219.1
Project("{FAE04EC0-301F-11D3-BF4B-00C04F79EFBC}") = "Lecture12", "Lecture12\Lecture12.csproj", "{242BC141-5E75-4BE3-B0DD-43B10A57974D}"
EndProject
Global
	GlobalSection(SolutionConfigurationPlatforms) = preSolution
		Debug|Any CPU = Debug|Any CPU
		Release|Any CPU = Release|Any CPU
	EndGlobalSection
	GlobalSection(ProjectConfigurationPlatforms) = postSolution
		{242BC141-5E75-4BE3-B0DD-43B10A57974D}.Debug|Any CPU.ActiveCfg = Debug|Any CPU
		{242BC141-5E75-4BE3-B0DD-43B10A57974D}.Debug|Any CPU.Build.0 = Debug|Any CPU
		{242BC141-5E75-4BE3-B0DD-43B10A57974D}.Release|Any CPU.ActiveCfg = Release|Any CPU
		{242BC141-5E75-4BE3-B0DD-43B10A57974D}.Release|Any CPU.Build.0 = Release|Any CPU
	EndGlobalSection
	GlobalSection(SolutionProperties) = preSolution
		HideSolutionNode = FALSE
	EndGlobalSection
	GlobalSection(ExtensibilityGlobals) = postSolution
		SolutionGuid = {4BEA6C18-662B-4825-82C8-3608C3268090}
	EndGlobalSection
EndGlobal
