
Microsoft Visual Studio Solution File, Format Version 12.00
# Visual Studio Version 16
VisualStudioVersion = 16.0.28803.352
MinimumVisualStudioVersion = 10.0.40219.1
Project("{FAE04EC0-301F-11D3-BF4B-00C04F79EFBC}") = "DataLocalityBenchmark", "DataLocalityBenchmark\DataLocalityBenchmark.csproj", "{45C8F53F-F24E-44B7-B80A-BB9EFAE4E436}"
EndProject
Project("{FAE04EC0-301F-11D3-BF4B-00C04F79EFBC}") = "DisposeSample", "DisposeSample\DisposeSample.csproj", "{B0F9850D-732A-43C4-A061-1EFB2B624351}"
EndProject
Project("{FAE04EC0-301F-11D3-BF4B-00C04F79EFBC}") = "WeakReferenceSample", "WeakReferenceSample\WeakReferenceSample.csproj", "{B7D0B342-4DAF-4686-ACA3-D07893131056}"
EndProject
Project("{FAE04EC0-301F-11D3-BF4B-00C04F79EFBC}") = "WeakReferenceGenericSample", "WeakReferenceGenericSample\WeakReferenceGenericSample.csproj", "{01632192-E168-414D-A18E-F11343DDB45D}"
EndProject
Project("{FAE04EC0-301F-11D3-BF4B-00C04F79EFBC}") = "LargeObjectSample", "LargeObjectSample\LargeObjectSample.csproj", "{D4094D61-9E31-4E71-8222-D48E3AEA97F9}"
EndProject
Global
	GlobalSection(SolutionConfigurationPlatforms) = preSolution
		Debug|Any CPU = Debug|Any CPU
		Release|Any CPU = Release|Any CPU
	EndGlobalSection
	GlobalSection(ProjectConfigurationPlatforms) = postSolution
		{45C8F53F-F24E-44B7-B80A-BB9EFAE4E436}.Debug|Any CPU.ActiveCfg = Debug|Any CPU
		{45C8F53F-F24E-44B7-B80A-BB9EFAE4E436}.Debug|Any CPU.Build.0 = Debug|Any CPU
		{45C8F53F-F24E-44B7-B80A-BB9EFAE4E436}.Release|Any CPU.ActiveCfg = Release|Any CPU
		{45C8F53F-F24E-44B7-B80A-BB9EFAE4E436}.Release|Any CPU.Build.0 = Release|Any CPU
		{B0F9850D-732A-43C4-A061-1EFB2B624351}.Debug|Any CPU.ActiveCfg = Debug|Any CPU
		{B0F9850D-732A-43C4-A061-1EFB2B624351}.Debug|Any CPU.Build.0 = Debug|Any CPU
		{B0F9850D-732A-43C4-A061-1EFB2B624351}.Release|Any CPU.ActiveCfg = Release|Any CPU
		{B0F9850D-732A-43C4-A061-1EFB2B624351}.Release|Any CPU.Build.0 = Release|Any CPU
		{B7D0B342-4DAF-4686-ACA3-D07893131056}.Debug|Any CPU.ActiveCfg = Debug|Any CPU
		{B7D0B342-4DAF-4686-ACA3-D07893131056}.Debug|Any CPU.Build.0 = Debug|Any CPU
		{B7D0B342-4DAF-4686-ACA3-D07893131056}.Release|Any CPU.ActiveCfg = Release|Any CPU
		{B7D0B342-4DAF-4686-ACA3-D07893131056}.Release|Any CPU.Build.0 = Release|Any CPU
		{01632192-E168-414D-A18E-F11343DDB45D}.Debug|Any CPU.ActiveCfg = Debug|Any CPU
		{01632192-E168-414D-A18E-F11343DDB45D}.Debug|Any CPU.Build.0 = Debug|Any CPU
		{01632192-E168-414D-A18E-F11343DDB45D}.Release|Any CPU.ActiveCfg = Release|Any CPU
		{01632192-E168-414D-A18E-F11343DDB45D}.Release|Any CPU.Build.0 = Release|Any CPU
		{D4094D61-9E31-4E71-8222-D48E3AEA97F9}.Debug|Any CPU.ActiveCfg = Debug|Any CPU
		{D4094D61-9E31-4E71-8222-D48E3AEA97F9}.Debug|Any CPU.Build.0 = Debug|Any CPU
		{D4094D61-9E31-4E71-8222-D48E3AEA97F9}.Release|Any CPU.ActiveCfg = Release|Any CPU
		{D4094D61-9E31-4E71-8222-D48E3AEA97F9}.Release|Any CPU.Build.0 = Release|Any CPU
	EndGlobalSection
	GlobalSection(SolutionProperties) = preSolution
		HideSolutionNode = FALSE
	EndGlobalSection
	GlobalSection(ExtensibilityGlobals) = postSolution
		SolutionGuid = {4BEA6C18-662B-4825-82C8-3608C3268090}
	EndGlobalSection
EndGlobal
