
Microsoft Visual Studio Solution File, Format Version 12.00
# Visual Studio 15
VisualStudioVersion = 15.0.28307.271
MinimumVisualStudioVersion = 10.0.40219.1
Project("{9A19103F-16F7-4668-BE54-9A1E7A4F7556}") = "Tests", "Tests\Tests.csproj", "{84901D16-8A2F-4E2A-8E04-7C21E988CE92}"
EndProject
Project("{9A19103F-16F7-4668-BE54-9A1E7A4F7556}") = "Examples", "Examples\Examples.csproj", "{7DFB8C8F-924A-4953-A5D3-C9578CECF298}"
EndProject
Project("{9A19103F-16F7-4668-BE54-9A1E7A4F7556}") = "EntityFramework.DAL", "EntityFramework.DAL\EntityFramework.DAL.csproj", "{CBE4B73B-5FC6-4181-B8DD-74F908725E60}"
EndProject
Global
	GlobalSection(SolutionConfigurationPlatforms) = preSolution
		Debug|Any CPU = Debug|Any CPU
		Release|Any CPU = Release|Any CPU
	EndGlobalSection
	GlobalSection(ProjectConfigurationPlatforms) = postSolution
		{84901D16-8A2F-4E2A-8E04-7C21E988CE92}.Debug|Any CPU.ActiveCfg = Debug|Any CPU
		{84901D16-8A2F-4E2A-8E04-7C21E988CE92}.Debug|Any CPU.Build.0 = Debug|Any CPU
		{84901D16-8A2F-4E2A-8E04-7C21E988CE92}.Release|Any CPU.ActiveCfg = Release|Any CPU
		{84901D16-8A2F-4E2A-8E04-7C21E988CE92}.Release|Any CPU.Build.0 = Release|Any CPU
		{7DFB8C8F-924A-4953-A5D3-C9578CECF298}.Debug|Any CPU.ActiveCfg = Debug|Any CPU
		{7DFB8C8F-924A-4953-A5D3-C9578CECF298}.Debug|Any CPU.Build.0 = Debug|Any CPU
		{7DFB8C8F-924A-4953-A5D3-C9578CECF298}.Release|Any CPU.ActiveCfg = Release|Any CPU
		{7DFB8C8F-924A-4953-A5D3-C9578CECF298}.Release|Any CPU.Build.0 = Release|Any CPU
		{CBE4B73B-5FC6-4181-B8DD-74F908725E60}.Debug|Any CPU.ActiveCfg = Debug|Any CPU
		{CBE4B73B-5FC6-4181-B8DD-74F908725E60}.Debug|Any CPU.Build.0 = Debug|Any CPU
		{CBE4B73B-5FC6-4181-B8DD-74F908725E60}.Release|Any CPU.ActiveCfg = Release|Any CPU
		{CBE4B73B-5FC6-4181-B8DD-74F908725E60}.Release|Any CPU.Build.0 = Release|Any CPU
	EndGlobalSection
	GlobalSection(SolutionProperties) = preSolution
		HideSolutionNode = FALSE
	EndGlobalSection
	GlobalSection(ExtensibilityGlobals) = postSolution
		SolutionGuid = {6C9E8541-6E39-48F7-A72C-A056D253EDE2}
	EndGlobalSection
EndGlobal
