
Microsoft Visual Studio Solution File, Format Version 12.00
# Visual Studio 15
VisualStudioVersion = 15.0.28307.421
MinimumVisualStudioVersion = 10.0.40219.1
Project("{9A19103F-16F7-4668-BE54-9A1E7A4F7556}") = "School.BL", "School.BL\School.BL.csproj", "{BB7AEC4D-97AF-4D13-A52D-4439F7982B79}"
EndProject
Project("{9A19103F-16F7-4668-BE54-9A1E7A4F7556}") = "School.BL.Tests", "School.BL.Tests\School.BL.Tests.csproj", "{B39EF803-287C-4DF3-A34C-D7218ACF7804}"
EndProject
Project("{9A19103F-16F7-4668-BE54-9A1E7A4F7556}") = "School.DAL", "School.DAL\School.DAL.csproj", "{C01C4ED2-3C3F-4086-8809-939ACF10C4CD}"
EndProject
Project("{9A19103F-16F7-4668-BE54-9A1E7A4F7556}") = "School.DAL.Tests", "School.DAL.Tests\School.DAL.Tests.csproj", "{1AF34C5F-7F74-47B6-AB48-A598FCBF8289}"
EndProject
Project("{FAE04EC0-301F-11D3-BF4B-00C04F79EFBC}") = "Samples", "Samples\Samples.csproj", "{B241DA57-4EA1-46FE-B62F-A13893C9156D}"
EndProject
Global
	GlobalSection(SolutionConfigurationPlatforms) = preSolution
		Debug|Any CPU = Debug|Any CPU
		Release|Any CPU = Release|Any CPU
	EndGlobalSection
	GlobalSection(ProjectConfigurationPlatforms) = postSolution
		{BB7AEC4D-97AF-4D13-A52D-4439F7982B79}.Debug|Any CPU.ActiveCfg = Debug|Any CPU
		{BB7AEC4D-97AF-4D13-A52D-4439F7982B79}.Debug|Any CPU.Build.0 = Debug|Any CPU
		{BB7AEC4D-97AF-4D13-A52D-4439F7982B79}.Release|Any CPU.ActiveCfg = Release|Any CPU
		{BB7AEC4D-97AF-4D13-A52D-4439F7982B79}.Release|Any CPU.Build.0 = Release|Any CPU
		{B39EF803-287C-4DF3-A34C-D7218ACF7804}.Debug|Any CPU.ActiveCfg = Debug|Any CPU
		{B39EF803-287C-4DF3-A34C-D7218ACF7804}.Debug|Any CPU.Build.0 = Debug|Any CPU
		{B39EF803-287C-4DF3-A34C-D7218ACF7804}.Release|Any CPU.ActiveCfg = Release|Any CPU
		{B39EF803-287C-4DF3-A34C-D7218ACF7804}.Release|Any CPU.Build.0 = Release|Any CPU
		{C01C4ED2-3C3F-4086-8809-939ACF10C4CD}.Debug|Any CPU.ActiveCfg = Debug|Any CPU
		{C01C4ED2-3C3F-4086-8809-939ACF10C4CD}.Debug|Any CPU.Build.0 = Debug|Any CPU
		{C01C4ED2-3C3F-4086-8809-939ACF10C4CD}.Release|Any CPU.ActiveCfg = Release|Any CPU
		{C01C4ED2-3C3F-4086-8809-939ACF10C4CD}.Release|Any CPU.Build.0 = Release|Any CPU
		{1AF34C5F-7F74-47B6-AB48-A598FCBF8289}.Debug|Any CPU.ActiveCfg = Debug|Any CPU
		{1AF34C5F-7F74-47B6-AB48-A598FCBF8289}.Debug|Any CPU.Build.0 = Debug|Any CPU
		{1AF34C5F-7F74-47B6-AB48-A598FCBF8289}.Release|Any CPU.ActiveCfg = Release|Any CPU
		{1AF34C5F-7F74-47B6-AB48-A598FCBF8289}.Release|Any CPU.Build.0 = Release|Any CPU
		{B241DA57-4EA1-46FE-B62F-A13893C9156D}.Debug|Any CPU.ActiveCfg = Debug|Any CPU
		{B241DA57-4EA1-46FE-B62F-A13893C9156D}.Debug|Any CPU.Build.0 = Debug|Any CPU
		{B241DA57-4EA1-46FE-B62F-A13893C9156D}.Release|Any CPU.ActiveCfg = Release|Any CPU
		{B241DA57-4EA1-46FE-B62F-A13893C9156D}.Release|Any CPU.Build.0 = Release|Any CPU
	EndGlobalSection
	GlobalSection(SolutionProperties) = preSolution
		HideSolutionNode = FALSE
	EndGlobalSection
	GlobalSection(ExtensibilityGlobals) = postSolution
		SolutionGuid = {B43504B2-585A-4E90-BADD-ACA1DF9F7548}
	EndGlobalSection
EndGlobal
