
Microsoft Visual Studio Solution File, Format Version 12.00
# Visual Studio 15
VisualStudioVersion = 15.0.28307.421
MinimumVisualStudioVersion = 10.0.40219.1
Project("{FAE04EC0-301F-11D3-BF4B-00C04F79EFBC}") = "Lecture13", "Lecture13\Lecture13.csproj", "{1C9E0B3C-AA03-4309-9990-4EC5BB1AAA4E}"
EndProject
Global
	GlobalSection(SolutionConfigurationPlatforms) = preSolution
		Debug|Any CPU = Debug|Any CPU
		Release|Any CPU = Release|Any CPU
	EndGlobalSection
	GlobalSection(ProjectConfigurationPlatforms) = postSolution
		{1C9E0B3C-AA03-4309-9990-4EC5BB1AAA4E}.Debug|Any CPU.ActiveCfg = Debug|Any CPU
		{1C9E0B3C-AA03-4309-9990-4EC5BB1AAA4E}.Debug|Any CPU.Build.0 = Debug|Any CPU
		{1C9E0B3C-AA03-4309-9990-4EC5BB1AAA4E}.Release|Any CPU.ActiveCfg = Release|Any CPU
		{1C9E0B3C-AA03-4309-9990-4EC5BB1AAA4E}.Release|Any CPU.Build.0 = Release|Any CPU
	EndGlobalSection
	GlobalSection(SolutionProperties) = preSolution
		HideSolutionNode = FALSE
	EndGlobalSection
	GlobalSection(ExtensibilityGlobals) = postSolution
		SolutionGuid = {DC53E381-C896-436C-A544-8C3F8126BFD2}
	EndGlobalSection
EndGlobal
