
Microsoft Visual Studio Solution File, Format Version 12.00
# Visual Studio 15
VisualStudioVersion = 15.0.28307.421
MinimumVisualStudioVersion = 10.0.40219.1
Project("{FAE04EC0-301F-11D3-BF4B-00C04F79EFBC}") = "MSTest", "MSTest\MSTest.csproj", "{0F6D1B53-4CA7-4E65-8D60-931A26967274}"
EndProject
Global
	GlobalSection(SolutionConfigurationPlatforms) = preSolution
		Debug|Any CPU = Debug|Any CPU
		Release|Any CPU = Release|Any CPU
	EndGlobalSection
	GlobalSection(ProjectConfigurationPlatforms) = postSolution
		{0F6D1B53-4CA7-4E65-8D60-931A26967274}.Debug|Any CPU.ActiveCfg = Debug|Any CPU
		{0F6D1B53-4CA7-4E65-8D60-931A26967274}.Debug|Any CPU.Build.0 = Debug|Any CPU
		{0F6D1B53-4CA7-4E65-8D60-931A26967274}.Release|Any CPU.ActiveCfg = Release|Any CPU
		{0F6D1B53-4CA7-4E65-8D60-931A26967274}.Release|Any CPU.Build.0 = Release|Any CPU
	EndGlobalSection
	GlobalSection(SolutionProperties) = preSolution
		HideSolutionNode = FALSE
	EndGlobalSection
	GlobalSection(ExtensibilityGlobals) = postSolution
		SolutionGuid = {B575CD5D-362F-4A50-ADA6-9BB61CEAA82B}
	EndGlobalSection
EndGlobal
