
Microsoft Visual Studio Solution File, Format Version 12.00
# Visual Studio 15
VisualStudioVersion = 15.0.28307.421
MinimumVisualStudioVersion = 10.0.40219.1
Project("{FAE04EC0-301F-11D3-BF4B-00C04F79EFBC}") = "Lecture07", "Lecture07\Lecture07.csproj", "{2E23878E-F534-4B00-A8E5-33FE20245D95}"
EndProject
Global
	GlobalSection(SolutionConfigurationPlatforms) = preSolution
		Debug|Any CPU = Debug|Any CPU
		Release|Any CPU = Release|Any CPU
	EndGlobalSection
	GlobalSection(ProjectConfigurationPlatforms) = postSolution
		{2E23878E-F534-4B00-A8E5-33FE20245D95}.Debug|Any CPU.ActiveCfg = Debug|Any CPU
		{2E23878E-F534-4B00-A8E5-33FE20245D95}.Debug|Any CPU.Build.0 = Debug|Any CPU
		{2E23878E-F534-4B00-A8E5-33FE20245D95}.Release|Any CPU.ActiveCfg = Release|Any CPU
		{2E23878E-F534-4B00-A8E5-33FE20245D95}.Release|Any CPU.Build.0 = Release|Any CPU
	EndGlobalSection
	GlobalSection(SolutionProperties) = preSolution
		HideSolutionNode = FALSE
	EndGlobalSection
	GlobalSection(ExtensibilityGlobals) = postSolution
		SolutionGuid = {3E5CD0CB-BB53-4FF5-AD72-CD24024297FF}
	EndGlobalSection
EndGlobal
