
Microsoft Visual Studio Solution File, Format Version 12.00
# Visual Studio 15
VisualStudioVersion = 15.0.28307.421
MinimumVisualStudioVersion = 10.0.40219.1
Project("{9A19103F-16F7-4668-BE54-9A1E7A4F7556}") = "Lecture07", "Lecture07\Lecture07.csproj", "{2E23878E-F534-4B00-A8E5-33FE20245D95}"
EndProject
Project("{2150E333-8FDC-42A3-9474-1A3956D46DE8}") = "LegacyCodeRefactoring", "LegacyCodeRefactoring", "{CAB0508C-21CD-4C2A-9A78-B08E0292E228}"
EndProject
Project("{2150E333-8FDC-42A3-9474-1A3956D46DE8}") = "Phase0", "Phase0", "{1021266A-1CF5-4616-B077-ED0555E49E2E}"
EndProject
Project("{2150E333-8FDC-42A3-9474-1A3956D46DE8}") = "Phase1", "Phase1", "{23FB2E8F-C782-4545-91B8-C08D72F50C61}"
EndProject
Project("{FAE04EC0-301F-11D3-BF4B-00C04F79EFBC}") = "ClassLibrary1", "ClassLibrary1\ClassLibrary1.csproj", "{10A95E5D-A403-4289-8E6B-0B123C910AF1}"
EndProject
Project("{FAE04EC0-301F-11D3-BF4B-00C04F79EFBC}") = "ClassLibrary2", "ClassLibrary2\ClassLibrary2.csproj", "{4D65701F-E1BA-498D-8816-F6D7808CA608}"
EndProject
Project("{FAE04EC0-301F-11D3-BF4B-00C04F79EFBC}") = "ClassLibrary2.Tests", "ClassLibrary2.Tests\ClassLibrary2.Tests.csproj", "{F778055B-8027-41FD-83D9-BB0CB20ED242}"
EndProject
Project("{2150E333-8FDC-42A3-9474-1A3956D46DE8}") = "Phase2", "Phase2", "{75FFCCAE-687C-40AF-A3BC-67A420C14192}"
EndProject
Project("{FAE04EC0-301F-11D3-BF4B-00C04F79EFBC}") = "ShopSample3", "ShopSample3\ShopSample3.csproj", "{405F512A-C921-43B9-A676-7435AA5F2938}"
EndProject
Project("{FAE04EC0-301F-11D3-BF4B-00C04F79EFBC}") = "ShopSample3.Tests", "ShopSample3.Tests\ShopSample3.Tests.csproj", "{9F9BCB81-36C1-42E5-8729-E63A258BCFC6}"
EndProject
Project("{2150E333-8FDC-42A3-9474-1A3956D46DE8}") = "Phase3", "Phase3", "{DD12F33B-A7EA-43ED-AB6B-E41B3CB2D6FD}"
EndProject
Project("{FAE04EC0-301F-11D3-BF4B-00C04F79EFBC}") = "ShopSample4.Tests", "ShopSample4.Tests\ShopSample4.Tests.csproj", "{863BAF63-9196-4F07-B758-BF9688487611}"
EndProject
Project("{FAE04EC0-301F-11D3-BF4B-00C04F79EFBC}") = "ShopSample4", "ShopSample4\ShopSample4.csproj", "{D7D2A428-FF7F-4D17-BD79-FC66A1CCDB87}"
EndProject
Project("{2150E333-8FDC-42A3-9474-1A3956D46DE8}") = "Phase4", "Phase4", "{5A0F5E57-F733-4ADF-AC1E-DC2C2459C433}"
EndProject
Project("{FAE04EC0-301F-11D3-BF4B-00C04F79EFBC}") = "ShopSample5", "ShopSample5\ShopSample5.csproj", "{7914E27C-8C2F-4DF8-BC35-3D0A788A8C2B}"
EndProject
Project("{FAE04EC0-301F-11D3-BF4B-00C04F79EFBC}") = "ShopSample5.Tests", "ShopSample5.Tests\ShopSample5.Tests.csproj", "{9B225D53-2516-4AE4-9138-4A3FFBCA92EC}"
EndProject
Project("{2150E333-8FDC-42A3-9474-1A3956D46DE8}") = "Phase5", "Phase5", "{0095D210-5E42-4898-9031-6FE4C0384E7A}"
EndProject
Project("{FAE04EC0-301F-11D3-BF4B-00C04F79EFBC}") = "ShopSample6.Tests", "ShopSample6.Tests\ShopSample6.Tests.csproj", "{204C4B6D-FAA0-4899-AF91-EA72476951F9}"
EndProject
Project("{FAE04EC0-301F-11D3-BF4B-00C04F79EFBC}") = "ShopSample6", "ShopSample6\ShopSample6.csproj", "{A55C8AB0-F893-4D54-894F-FE6CC6D9FC57}"
EndProject
Global
	GlobalSection(SolutionConfigurationPlatforms) = preSolution
		Debug|Any CPU = Debug|Any CPU
		Release|Any CPU = Release|Any CPU
	EndGlobalSection
	GlobalSection(ProjectConfigurationPlatforms) = postSolution
		{2E23878E-F534-4B00-A8E5-33FE20245D95}.Debug|Any CPU.ActiveCfg = Debug|Any CPU
		{2E23878E-F534-4B00-A8E5-33FE20245D95}.Debug|Any CPU.Build.0 = Debug|Any CPU
		{2E23878E-F534-4B00-A8E5-33FE20245D95}.Release|Any CPU.ActiveCfg = Release|Any CPU
		{2E23878E-F534-4B00-A8E5-33FE20245D95}.Release|Any CPU.Build.0 = Release|Any CPU
		{10A95E5D-A403-4289-8E6B-0B123C910AF1}.Debug|Any CPU.ActiveCfg = Debug|Any CPU
		{10A95E5D-A403-4289-8E6B-0B123C910AF1}.Debug|Any CPU.Build.0 = Debug|Any CPU
		{10A95E5D-A403-4289-8E6B-0B123C910AF1}.Release|Any CPU.ActiveCfg = Release|Any CPU
		{10A95E5D-A403-4289-8E6B-0B123C910AF1}.Release|Any CPU.Build.0 = Release|Any CPU
		{4D65701F-E1BA-498D-8816-F6D7808CA608}.Debug|Any CPU.ActiveCfg = Debug|Any CPU
		{4D65701F-E1BA-498D-8816-F6D7808CA608}.Debug|Any CPU.Build.0 = Debug|Any CPU
		{4D65701F-E1BA-498D-8816-F6D7808CA608}.Release|Any CPU.ActiveCfg = Release|Any CPU
		{4D65701F-E1BA-498D-8816-F6D7808CA608}.Release|Any CPU.Build.0 = Release|Any CPU
		{F778055B-8027-41FD-83D9-BB0CB20ED242}.Debug|Any CPU.ActiveCfg = Debug|Any CPU
		{F778055B-8027-41FD-83D9-BB0CB20ED242}.Debug|Any CPU.Build.0 = Debug|Any CPU
		{F778055B-8027-41FD-83D9-BB0CB20ED242}.Release|Any CPU.ActiveCfg = Release|Any CPU
		{F778055B-8027-41FD-83D9-BB0CB20ED242}.Release|Any CPU.Build.0 = Release|Any CPU
		{405F512A-C921-43B9-A676-7435AA5F2938}.Debug|Any CPU.ActiveCfg = Debug|Any CPU
		{405F512A-C921-43B9-A676-7435AA5F2938}.Debug|Any CPU.Build.0 = Debug|Any CPU
		{405F512A-C921-43B9-A676-7435AA5F2938}.Release|Any CPU.ActiveCfg = Release|Any CPU
		{405F512A-C921-43B9-A676-7435AA5F2938}.Release|Any CPU.Build.0 = Release|Any CPU
		{9F9BCB81-36C1-42E5-8729-E63A258BCFC6}.Debug|Any CPU.ActiveCfg = Debug|Any CPU
		{9F9BCB81-36C1-42E5-8729-E63A258BCFC6}.Debug|Any CPU.Build.0 = Debug|Any CPU
		{9F9BCB81-36C1-42E5-8729-E63A258BCFC6}.Release|Any CPU.ActiveCfg = Release|Any CPU
		{9F9BCB81-36C1-42E5-8729-E63A258BCFC6}.Release|Any CPU.Build.0 = Release|Any CPU
		{863BAF63-9196-4F07-B758-BF9688487611}.Debug|Any CPU.ActiveCfg = Debug|Any CPU
		{863BAF63-9196-4F07-B758-BF9688487611}.Debug|Any CPU.Build.0 = Debug|Any CPU
		{863BAF63-9196-4F07-B758-BF9688487611}.Release|Any CPU.ActiveCfg = Release|Any CPU
		{863BAF63-9196-4F07-B758-BF9688487611}.Release|Any CPU.Build.0 = Release|Any CPU
		{D7D2A428-FF7F-4D17-BD79-FC66A1CCDB87}.Debug|Any CPU.ActiveCfg = Debug|Any CPU
		{D7D2A428-FF7F-4D17-BD79-FC66A1CCDB87}.Debug|Any CPU.Build.0 = Debug|Any CPU
		{D7D2A428-FF7F-4D17-BD79-FC66A1CCDB87}.Release|Any CPU.ActiveCfg = Release|Any CPU
		{D7D2A428-FF7F-4D17-BD79-FC66A1CCDB87}.Release|Any CPU.Build.0 = Release|Any CPU
		{7914E27C-8C2F-4DF8-BC35-3D0A788A8C2B}.Debug|Any CPU.ActiveCfg = Debug|Any CPU
		{7914E27C-8C2F-4DF8-BC35-3D0A788A8C2B}.Debug|Any CPU.Build.0 = Debug|Any CPU
		{7914E27C-8C2F-4DF8-BC35-3D0A788A8C2B}.Release|Any CPU.ActiveCfg = Release|Any CPU
		{7914E27C-8C2F-4DF8-BC35-3D0A788A8C2B}.Release|Any CPU.Build.0 = Release|Any CPU
		{9B225D53-2516-4AE4-9138-4A3FFBCA92EC}.Debug|Any CPU.ActiveCfg = Debug|Any CPU
		{9B225D53-2516-4AE4-9138-4A3FFBCA92EC}.Debug|Any CPU.Build.0 = Debug|Any CPU
		{9B225D53-2516-4AE4-9138-4A3FFBCA92EC}.Release|Any CPU.ActiveCfg = Release|Any CPU
		{9B225D53-2516-4AE4-9138-4A3FFBCA92EC}.Release|Any CPU.Build.0 = Release|Any CPU
		{204C4B6D-FAA0-4899-AF91-EA72476951F9}.Debug|Any CPU.ActiveCfg = Debug|Any CPU
		{204C4B6D-FAA0-4899-AF91-EA72476951F9}.Debug|Any CPU.Build.0 = Debug|Any CPU
		{204C4B6D-FAA0-4899-AF91-EA72476951F9}.Release|Any CPU.ActiveCfg = Release|Any CPU
		{204C4B6D-FAA0-4899-AF91-EA72476951F9}.Release|Any CPU.Build.0 = Release|Any CPU
		{A55C8AB0-F893-4D54-894F-FE6CC6D9FC57}.Debug|Any CPU.ActiveCfg = Debug|Any CPU
		{A55C8AB0-F893-4D54-894F-FE6CC6D9FC57}.Debug|Any CPU.Build.0 = Debug|Any CPU
		{A55C8AB0-F893-4D54-894F-FE6CC6D9FC57}.Release|Any CPU.ActiveCfg = Release|Any CPU
		{A55C8AB0-F893-4D54-894F-FE6CC6D9FC57}.Release|Any CPU.Build.0 = Release|Any CPU
	EndGlobalSection
	GlobalSection(SolutionProperties) = preSolution
		HideSolutionNode = FALSE
	EndGlobalSection
	GlobalSection(NestedProjects) = preSolution
		{1021266A-1CF5-4616-B077-ED0555E49E2E} = {CAB0508C-21CD-4C2A-9A78-B08E0292E228}
		{23FB2E8F-C782-4545-91B8-C08D72F50C61} = {CAB0508C-21CD-4C2A-9A78-B08E0292E228}
		{10A95E5D-A403-4289-8E6B-0B123C910AF1} = {1021266A-1CF5-4616-B077-ED0555E49E2E}
		{4D65701F-E1BA-498D-8816-F6D7808CA608} = {23FB2E8F-C782-4545-91B8-C08D72F50C61}
		{F778055B-8027-41FD-83D9-BB0CB20ED242} = {23FB2E8F-C782-4545-91B8-C08D72F50C61}
		{75FFCCAE-687C-40AF-A3BC-67A420C14192} = {CAB0508C-21CD-4C2A-9A78-B08E0292E228}
		{405F512A-C921-43B9-A676-7435AA5F2938} = {75FFCCAE-687C-40AF-A3BC-67A420C14192}
		{9F9BCB81-36C1-42E5-8729-E63A258BCFC6} = {75FFCCAE-687C-40AF-A3BC-67A420C14192}
		{DD12F33B-A7EA-43ED-AB6B-E41B3CB2D6FD} = {CAB0508C-21CD-4C2A-9A78-B08E0292E228}
		{863BAF63-9196-4F07-B758-BF9688487611} = {DD12F33B-A7EA-43ED-AB6B-E41B3CB2D6FD}
		{D7D2A428-FF7F-4D17-BD79-FC66A1CCDB87} = {DD12F33B-A7EA-43ED-AB6B-E41B3CB2D6FD}
		{5A0F5E57-F733-4ADF-AC1E-DC2C2459C433} = {CAB0508C-21CD-4C2A-9A78-B08E0292E228}
		{7914E27C-8C2F-4DF8-BC35-3D0A788A8C2B} = {5A0F5E57-F733-4ADF-AC1E-DC2C2459C433}
		{9B225D53-2516-4AE4-9138-4A3FFBCA92EC} = {5A0F5E57-F733-4ADF-AC1E-DC2C2459C433}
		{0095D210-5E42-4898-9031-6FE4C0384E7A} = {CAB0508C-21CD-4C2A-9A78-B08E0292E228}
		{204C4B6D-FAA0-4899-AF91-EA72476951F9} = {0095D210-5E42-4898-9031-6FE4C0384E7A}
		{A55C8AB0-F893-4D54-894F-FE6CC6D9FC57} = {0095D210-5E42-4898-9031-6FE4C0384E7A}
	EndGlobalSection
	GlobalSection(ExtensibilityGlobals) = postSolution
		SolutionGuid = {3E5CD0CB-BB53-4FF5-AD72-CD24024297FF}
	EndGlobalSection
EndGlobal
