
Microsoft Visual Studio Solution File, Format Version 12.00
# Visual Studio 15
VisualStudioVersion = 15.0.28307.421
MinimumVisualStudioVersion = 10.0.40219.1
Project("{9A19103F-16F7-4668-BE54-9A1E7A4F7556}") = "School.DAL", "School.DAL\School.DAL.csproj", "{03E82E79-D0CD-4221-959F-039083FAAF24}"
EndProject
Project("{9A19103F-16F7-4668-BE54-9A1E7A4F7556}") = "School.DAL.Tests", "School.DAL.Tests\School.DAL.Tests.csproj", "{32396246-DCE6-4EF8-A0F1-C459672E1F17}"
EndProject
Project("{9A19103F-16F7-4668-BE54-9A1E7A4F7556}") = "School.BL", "School.BL\School.BL.csproj", "{1E87F9B8-658A-4B5C-983C-B8979C97C96E}"
EndProject
Project("{FAE04EC0-301F-11D3-BF4B-00C04F79EFBC}") = "School.BL.Tests", "School.BL.Tests\School.BL.Tests.csproj", "{C5198267-E276-4C43-AC9D-90F46EB40EEF}"
EndProject
Global
	GlobalSection(SolutionConfigurationPlatforms) = preSolution
		Debug|Any CPU = Debug|Any CPU
		Release|Any CPU = Release|Any CPU
	EndGlobalSection
	GlobalSection(ProjectConfigurationPlatforms) = postSolution
		{03E82E79-D0CD-4221-959F-039083FAAF24}.Debug|Any CPU.ActiveCfg = Debug|Any CPU
		{03E82E79-D0CD-4221-959F-039083FAAF24}.Debug|Any CPU.Build.0 = Debug|Any CPU
		{03E82E79-D0CD-4221-959F-039083FAAF24}.Release|Any CPU.ActiveCfg = Release|Any CPU
		{03E82E79-D0CD-4221-959F-039083FAAF24}.Release|Any CPU.Build.0 = Release|Any CPU
		{32396246-DCE6-4EF8-A0F1-C459672E1F17}.Debug|Any CPU.ActiveCfg = Debug|Any CPU
		{32396246-DCE6-4EF8-A0F1-C459672E1F17}.Debug|Any CPU.Build.0 = Debug|Any CPU
		{32396246-DCE6-4EF8-A0F1-C459672E1F17}.Release|Any CPU.ActiveCfg = Release|Any CPU
		{32396246-DCE6-4EF8-A0F1-C459672E1F17}.Release|Any CPU.Build.0 = Release|Any CPU
		{1E87F9B8-658A-4B5C-983C-B8979C97C96E}.Debug|Any CPU.ActiveCfg = Debug|Any CPU
		{1E87F9B8-658A-4B5C-983C-B8979C97C96E}.Debug|Any CPU.Build.0 = Debug|Any CPU
		{1E87F9B8-658A-4B5C-983C-B8979C97C96E}.Release|Any CPU.ActiveCfg = Release|Any CPU
		{1E87F9B8-658A-4B5C-983C-B8979C97C96E}.Release|Any CPU.Build.0 = Release|Any CPU
		{C5198267-E276-4C43-AC9D-90F46EB40EEF}.Debug|Any CPU.ActiveCfg = Debug|Any CPU
		{C5198267-E276-4C43-AC9D-90F46EB40EEF}.Debug|Any CPU.Build.0 = Debug|Any CPU
		{C5198267-E276-4C43-AC9D-90F46EB40EEF}.Release|Any CPU.ActiveCfg = Release|Any CPU
		{C5198267-E276-4C43-AC9D-90F46EB40EEF}.Release|Any CPU.Build.0 = Release|Any CPU
	EndGlobalSection
	GlobalSection(SolutionProperties) = preSolution
		HideSolutionNode = FALSE
	EndGlobalSection
	GlobalSection(ExtensibilityGlobals) = postSolution
		SolutionGuid = {EB6B06BC-0EC6-4BF7-AE44-56C09ECC34B5}
	EndGlobalSection
EndGlobal
