
Microsoft Visual Studio Solution File, Format Version 12.00
# Visual Studio Version 16
VisualStudioVersion = 16.0.28803.156
MinimumVisualStudioVersion = 10.0.40219.1
Project("{FAE04EC0-301F-11D3-BF4B-00C04F79EFBC}") = "Tests", "Tests\Tests.csproj", "{81C38AF4-EDE6-4024-8ABD-0D52EE17A6A1}"
EndProject
Project("{FAE04EC0-301F-11D3-BF4B-00C04F79EFBC}") = "Examples", "Examples\Examples.csproj", "{D4CACE2B-064D-46EE-9E76-6ACC7DC31CF1}"
EndProject
Global
	GlobalSection(SolutionConfigurationPlatforms) = preSolution
		Debug|Any CPU = Debug|Any CPU
		Release|Any CPU = Release|Any CPU
	EndGlobalSection
	GlobalSection(ProjectConfigurationPlatforms) = postSolution
		{81C38AF4-EDE6-4024-8ABD-0D52EE17A6A1}.Debug|Any CPU.ActiveCfg = Debug|Any CPU
		{81C38AF4-EDE6-4024-8ABD-0D52EE17A6A1}.Debug|Any CPU.Build.0 = Debug|Any CPU
		{81C38AF4-EDE6-4024-8ABD-0D52EE17A6A1}.Release|Any CPU.ActiveCfg = Release|Any CPU
		{81C38AF4-EDE6-4024-8ABD-0D52EE17A6A1}.Release|Any CPU.Build.0 = Release|Any CPU
		{D4CACE2B-064D-46EE-9E76-6ACC7DC31CF1}.Debug|Any CPU.ActiveCfg = Debug|Any CPU
		{D4CACE2B-064D-46EE-9E76-6ACC7DC31CF1}.Debug|Any CPU.Build.0 = Debug|Any CPU
		{D4CACE2B-064D-46EE-9E76-6ACC7DC31CF1}.Release|Any CPU.ActiveCfg = Release|Any CPU
		{D4CACE2B-064D-46EE-9E76-6ACC7DC31CF1}.Release|Any CPU.Build.0 = Release|Any CPU
	EndGlobalSection
	GlobalSection(SolutionProperties) = preSolution
		HideSolutionNode = FALSE
	EndGlobalSection
	GlobalSection(ExtensibilityGlobals) = postSolution
		SolutionGuid = {8EA60010-5C33-44C5-A8FB-906E10C10F97}
	EndGlobalSection
EndGlobal
